// !$*UTF8*$!
{
	archiveVersion = 1;
	classes = {
	};
	objectVersion = 56;
	objects = {

/* Begin PBXBuildFile section */
		EF52DB392BC2FC0D0087C5B5 /* AppDelegate.swift in Sources */ = {isa = PBXBuildFile; fileRef = EF52DB382BC2FC0D0087C5B5 /* AppDelegate.swift */; };
		EF52DB3B2BC2FC0D0087C5B5 /* SceneDelegate.swift in Sources */ = {isa = PBXBuildFile; fileRef = EF52DB3A2BC2FC0D0087C5B5 /* SceneDelegate.swift */; };
		EF52DB3D2BC2FC0D0087C5B5 /* ViewController.swift in Sources */ = {isa = PBXBuildFile; fileRef = EF52DB3C2BC2FC0D0087C5B5 /* ViewController.swift */; };
		EF52DB402BC2FC0D0087C5B5 /* Main.storyboard in Resources */ = {isa = PBXBuildFile; fileRef = EF52DB3E2BC2FC0D0087C5B5 /* Main.storyboard */; };
		EF52DB422BC2FC0E0087C5B5 /* Assets.xcassets in Resources */ = {isa = PBXBuildFile; fileRef = EF52DB412BC2FC0E0087C5B5 /* Assets.xcassets */; };
		EF52DB452BC2FC0E0087C5B5 /* LaunchScreen.storyboard in Resources */ = {isa = PBXBuildFile; fileRef = EF52DB432BC2FC0E0087C5B5 /* LaunchScreen.storyboard */; };
		EF52DB502BC2FC0E0087C5B5 /* CardWorkout_ProgrammaticTests.swift in Sources */ = {isa = PBXBuildFile; fileRef = EF52DB4F2BC2FC0E0087C5B5 /* CardWorkout_ProgrammaticTests.swift */; };
		EF52DB5A2BC2FC0E0087C5B5 /* CardWorkout_ProgrammaticUITests.swift in Sources */ = {isa = PBXBuildFile; fileRef = EF52DB592BC2FC0E0087C5B5 /* CardWorkout_ProgrammaticUITests.swift */; };
		EF52DB5C2BC2FC0E0087C5B5 /* CardWorkout_ProgrammaticUITestsLaunchTests.swift in Sources */ = {isa = PBXBuildFile; fileRef = EF52DB5B2BC2FC0E0087C5B5 /* CardWorkout_ProgrammaticUITestsLaunchTests.swift */; };
/* End PBXBuildFile section */

/* Begin PBXContainerItemProxy section */
		EF52DB4C2BC2FC0E0087C5B5 /* PBXContainerItemProxy */ = {
			isa = PBXContainerItemProxy;
			containerPortal = EF52DB2D2BC2FC0D0087C5B5 /* Project object */;
			proxyType = 1;
			remoteGlobalIDString = EF52DB342BC2FC0D0087C5B5;
			remoteInfo = "CardWorkout-Programmatic";
		};
		EF52DB562BC2FC0E0087C5B5 /* PBXContainerItemProxy */ = {
			isa = PBXContainerItemProxy;
			containerPortal = EF52DB2D2BC2FC0D0087C5B5 /* Project object */;
			proxyType = 1;
			remoteGlobalIDString = EF52DB342BC2FC0D0087C5B5;
			remoteInfo = "CardWorkout-Programmatic";
		};
/* End PBXContainerItemProxy section */

/* Begin PBXFileReference section */
		EF52DB352BC2FC0D0087C5B5 /* CardWorkout-Programmatic.app */ = {isa = PBXFileReference; explicitFileType = wrapper.application; includeInIndex = 0; path = "CardWorkout-Programmatic.app"; sourceTree = BUILT_PRODUCTS_DIR; };
		EF52DB382BC2FC0D0087C5B5 /* AppDelegate.swift */ = {isa = PBXFileReference; lastKnownFileType = sourcecode.swift; path = AppDelegate.swift; sourceTree = "<group>"; };
		EF52DB3A2BC2FC0D0087C5B5 /* SceneDelegate.swift */ = {isa = PBXFileReference; lastKnownFileType = sourcecode.swift; path = SceneDelegate.swift; sourceTree = "<group>"; };
		EF52DB3C2BC2FC0D0087C5B5 /* ViewController.swift */ = {isa = PBXFileReference; lastKnownFileType = sourcecode.swift; path = ViewController.swift; sourceTree = "<group>"; };
		EF52DB3F2BC2FC0D0087C5B5 /* Base */ = {isa = PBXFileReference; lastKnownFileType = file.storyboard; name = Base; path = Base.lproj/Main.storyboard; sourceTree = "<group>"; };
		EF52DB412BC2FC0E0087C5B5 /* Assets.xcassets */ = {isa = PBXFileReference; lastKnownFileType = folder.assetcatalog; path = Assets.xcassets; sourceTree = "<group>"; };
		EF52DB442BC2FC0E0087C5B5 /* Base */ = {isa = PBXFileReference; lastKnownFileType = file.storyboard; name = Base; path = Base.lproj/LaunchScreen.storyboard; sourceTree = "<group>"; };
		EF52DB462BC2FC0E0087C5B5 /* Info.plist */ = {isa = PBXFileReference; lastKnownFileType = text.plist.xml; path = Info.plist; sourceTree = "<group>"; };
		EF52DB4B2BC2FC0E0087C5B5 /* CardWorkout-ProgrammaticTests.xctest */ = {isa = PBXFileReference; explicitFileType = wrapper.cfbundle; includeInIndex = 0; path = "CardWorkout-ProgrammaticTests.xctest"; sourceTree = BUILT_PRODUCTS_DIR; };
		EF52DB4F2BC2FC0E0087C5B5 /* CardWorkout_ProgrammaticTests.swift */ = {isa = PBXFileReference; lastKnownFileType = sourcecode.swift; path = CardWorkout_ProgrammaticTests.swift; sourceTree = "<group>"; };
		EF52DB552BC2FC0E0087C5B5 /* CardWorkout-ProgrammaticUITests.xctest */ = {isa = PBXFileReference; explicitFileType = wrapper.cfbundle; includeInIndex = 0; path = "CardWorkout-ProgrammaticUITests.xctest"; sourceTree = BUILT_PRODUCTS_DIR; };
		EF52DB592BC2FC0E0087C5B5 /* CardWorkout_ProgrammaticUITests.swift */ = {isa = PBXFileReference; lastKnownFileType = sourcecode.swift; path = CardWorkout_ProgrammaticUITests.swift; sourceTree = "<group>"; };
		EF52DB5B2BC2FC0E0087C5B5 /* CardWorkout_ProgrammaticUITestsLaunchTests.swift */ = {isa = PBXFileReference; lastKnownFileType = sourcecode.swift; path = CardWorkout_ProgrammaticUITestsLaunchTests.swift; sourceTree = "<group>"; };
/* End PBXFileReference section */

/* Begin PBXFrameworksBuildPhase section */
		EF52DB322BC2FC0D0087C5B5 /* Frameworks */ = {
			isa = PBXFrameworksBuildPhase;
			buildActionMask = 2147483647;
			files = (
			);
			runOnlyForDeploymentPostprocessing = 0;
		};
		EF52DB482BC2FC0E0087C5B5 /* Frameworks */ = {
			isa = PBXFrameworksBuildPhase;
			buildActionMask = 2147483647;
			files = (
			);
			runOnlyForDeploymentPostprocessing = 0;
		};
		EF52DB522BC2FC0E0087C5B5 /* Frameworks */ = {
			isa = PBXFrameworksBuildPhase;
			buildActionMask = 2147483647;
			files = (
			);
			runOnlyForDeploymentPostprocessing = 0;
		};
/* End PBXFrameworksBuildPhase section */

/* Begin PBXGroup section */
		EF52DB2C2BC2FC0D0087C5B5 = {
			isa = PBXGroup;
			children = (
				EF52DB372BC2FC0D0087C5B5 /* CardWorkout-Programmatic */,
				EF52DB4E2BC2FC0E0087C5B5 /* CardWorkout-ProgrammaticTests */,
				EF52DB582BC2FC0E0087C5B5 /* CardWorkout-ProgrammaticUITests */,
				EF52DB362BC2FC0D0087C5B5 /* Products */,
			);
			sourceTree = "<group>";
		};
		EF52DB362BC2FC0D0087C5B5 /* Products */ = {
			isa = PBXGroup;
			children = (
				EF52DB352BC2FC0D0087C5B5 /* CardWorkout-Programmatic.app */,
				EF52DB4B2BC2FC0E0087C5B5 /* CardWorkout-ProgrammaticTests.xctest */,
				EF52DB552BC2FC0E0087C5B5 /* CardWorkout-ProgrammaticUITests.xctest */,
			);
			name = Products;
			sourceTree = "<group>";
		};
		EF52DB372BC2FC0D0087C5B5 /* CardWorkout-Programmatic */ = {
			isa = PBXGroup;
			children = (
				EF52DB382BC2FC0D0087C5B5 /* AppDelegate.swift */,
				EF52DB3A2BC2FC0D0087C5B5 /* SceneDelegate.swift */,
				EF52DB3C2BC2FC0D0087C5B5 /* ViewController.swift */,
				EF52DB3E2BC2FC0D0087C5B5 /* Main.storyboard */,
				EF52DB412BC2FC0E0087C5B5 /* Assets.xcassets */,
				EF52DB432BC2FC0E0087C5B5 /* LaunchScreen.storyboard */,
				EF52DB462BC2FC0E0087C5B5 /* Info.plist */,
			);
			path = "CardWorkout-Programmatic";
			sourceTree = "<group>";
		};
		EF52DB4E2BC2FC0E0087C5B5 /* CardWorkout-ProgrammaticTests */ = {
			isa = PBXGroup;
			children = (
				EF52DB4F2BC2FC0E0087C5B5 /* CardWorkout_ProgrammaticTests.swift */,
			);
			path = "CardWorkout-ProgrammaticTests";
			sourceTree = "<group>";
		};
		EF52DB582BC2FC0E0087C5B5 /* CardWorkout-ProgrammaticUITests */ = {
			isa = PBXGroup;
			children = (
				EF52DB592BC2FC0E0087C5B5 /* CardWorkout_ProgrammaticUITests.swift */,
				EF52DB5B2BC2FC0E0087C5B5 /* CardWorkout_ProgrammaticUITestsLaunchTests.swift */,
			);
			path = "CardWorkout-ProgrammaticUITests";
			sourceTree = "<group>";
		};
/* End PBXGroup section */

/* Begin PBXNativeTarget section */
		EF52DB342BC2FC0D0087C5B5 /* CardWorkout-Programmatic */ = {
			isa = PBXNativeTarget;
			buildConfigurationList = EF52DB5F2BC2FC0E0087C5B5 /* Build configuration list for PBXNativeTarget "CardWorkout-Programmatic" */;
			buildPhases = (
				EF52DB312BC2FC0D0087C5B5 /* Sources */,
				EF52DB322BC2FC0D0087C5B5 /* Frameworks */,
				EF52DB332BC2FC0D0087C5B5 /* Resources */,
			);
			buildRules = (
			);
			dependencies = (
			);
			name = "CardWorkout-Programmatic";
			productName = "CardWorkout-Programmatic";
			productReference = EF52DB352BC2FC0D0087C5B5 /* CardWorkout-Programmatic.app */;
			productType = "com.apple.product-type.application";
		};
		EF52DB4A2BC2FC0E0087C5B5 /* CardWorkout-ProgrammaticTests */ = {
			isa = PBXNativeTarget;
			buildConfigurationList = EF52DB622BC2FC0E0087C5B5 /* Build configuration list for PBXNativeTarget "CardWorkout-ProgrammaticTests" */;
			buildPhases = (
				EF52DB472BC2FC0E0087C5B5 /* Sources */,
				EF52DB482BC2FC0E0087C5B5 /* Frameworks */,
				EF52DB492BC2FC0E0087C5B5 /* Resources */,
			);
			buildRules = (
			);
			dependencies = (
				EF52DB4D2BC2FC0E0087C5B5 /* PBXTargetDependency */,
			);
			name = "CardWorkout-ProgrammaticTests";
			productName = "CardWorkout-ProgrammaticTests";
			productReference = EF52DB4B2BC2FC0E0087C5B5 /* CardWorkout-ProgrammaticTests.xctest */;
			productType = "com.apple.product-type.bundle.unit-test";
		};
		EF52DB542BC2FC0E0087C5B5 /* CardWorkout-ProgrammaticUITests */ = {
			isa = PBXNativeTarget;
			buildConfigurationList = EF52DB652BC2FC0E0087C5B5 /* Build configuration list for PBXNativeTarget "CardWorkout-ProgrammaticUITests" */;
			buildPhases = (
				EF52DB512BC2FC0E0087C5B5 /* Sources */,
				EF52DB522BC2FC0E0087C5B5 /* Frameworks */,
				EF52DB532BC2FC0E0087C5B5 /* Resources */,
			);
			buildRules = (
			);
			dependencies = (
				EF52DB572BC2FC0E0087C5B5 /* PBXTargetDependency */,
			);
			name = "CardWorkout-ProgrammaticUITests";
			productName = "CardWorkout-ProgrammaticUITests";
			productReference = EF52DB552BC2FC0E0087C5B5 /* CardWorkout-ProgrammaticUITests.xctest */;
			productType = "com.apple.product-type.bundle.ui-testing";
		};
/* End PBXNativeTarget section */

/* Begin PBXProject section */
		EF52DB2D2BC2FC0D0087C5B5 /* Project object */ = {
			isa = PBXProject;
			attributes = {
				BuildIndependentTargetsInParallel = 1;
				LastSwiftUpdateCheck = 1520;
				LastUpgradeCheck = 1520;
				TargetAttributes = {
					EF52DB342BC2FC0D0087C5B5 = {
						CreatedOnToolsVersion = 15.2;
					};
					EF52DB4A2BC2FC0E0087C5B5 = {
						CreatedOnToolsVersion = 15.2;
						TestTargetID = EF52DB342BC2FC0D0087C5B5;
					};
					EF52DB542BC2FC0E0087C5B5 = {
						CreatedOnToolsVersion = 15.2;
						TestTargetID = EF52DB342BC2FC0D0087C5B5;
					};
				};
			};
			buildConfigurationList = EF52DB302BC2FC0D0087C5B5 /* Build configuration list for PBXProject "CardWorkout-Programmatic" */;
			compatibilityVersion = "Xcode 14.0";
			developmentRegion = en;
			hasScannedForEncodings = 0;
			knownRegions = (
				en,
				Base,
			);
			mainGroup = EF52DB2C2BC2FC0D0087C5B5;
			productRefGroup = EF52DB362BC2FC0D0087C5B5 /* Products */;
			projectDirPath = "";
			projectRoot = "";
			targets = (
				EF52DB342BC2FC0D0087C5B5 /* CardWorkout-Programmatic */,
				EF52DB4A2BC2FC0E0087C5B5 /* CardWorkout-ProgrammaticTests */,
				EF52DB542BC2FC0E0087C5B5 /* CardWorkout-ProgrammaticUITests */,
			);
		};
/* End PBXProject section */

/* Begin PBXResourcesBuildPhase section */
		EF52DB332BC2FC0D0087C5B5 /* Resources */ = {
			isa = PBXResourcesBuildPhase;
			buildActionMask = 2147483647;
			files = (
				EF52DB452BC2FC0E0087C5B5 /* LaunchScreen.storyboard in Resources */,
				EF52DB422BC2FC0E0087C5B5 /* Assets.xcassets in Resources */,
				EF52DB402BC2FC0D0087C5B5 /* Main.storyboard in Resources */,
			);
			runOnlyForDeploymentPostprocessing = 0;
		};
		EF52DB492BC2FC0E0087C5B5 /* Resources */ = {
			isa = PBXResourcesBuildPhase;
			buildActionMask = 2147483647;
			files = (
			);
			runOnlyForDeploymentPostprocessing = 0;
		};
		EF52DB532BC2FC0E0087C5B5 /* Resources */ = {
			isa = PBXResourcesBuildPhase;
			buildActionMask = 2147483647;
			files = (
			);
			runOnlyForDeploymentPostprocessing = 0;
		};
/* End PBXResourcesBuildPhase section */

/* Begin PBXSourcesBuildPhase section */
		EF52DB312BC2FC0D0087C5B5 /* Sources */ = {
			isa = PBXSourcesBuildPhase;
			buildActionMask = 2147483647;
			files = (
				EF52DB3D2BC2FC0D0087C5B5 /* ViewController.swift in Sources */,
				EF52DB392BC2FC0D0087C5B5 /* AppDelegate.swift in Sources */,
				EF52DB3B2BC2FC0D0087C5B5 /* SceneDelegate.swift in Sources */,
			);
			runOnlyForDeploymentPostprocessing = 0;
		};
		EF52DB472BC2FC0E0087C5B5 /* Sources */ = {
			isa = PBXSourcesBuildPhase;
			buildActionMask = 2147483647;
			files = (
				EF52DB502BC2FC0E0087C5B5 /* CardWorkout_ProgrammaticTests.swift in Sources */,
			);
			runOnlyForDeploymentPostprocessing = 0;
		};
		EF52DB512BC2FC0E0087C5B5 /* Sources */ = {
			isa = PBXSourcesBuildPhase;
			buildActionMask = 2147483647;
			files = (
				EF52DB5C2BC2FC0E0087C5B5 /* CardWorkout_ProgrammaticUITestsLaunchTests.swift in Sources */,
				EF52DB5A2BC2FC0E0087C5B5 /* CardWorkout_ProgrammaticUITests.swift in Sources */,
			);
			runOnlyForDeploymentPostprocessing = 0;
		};
/* End PBXSourcesBuildPhase section */

/* Begin PBXTargetDependency section */
		EF52DB4D2BC2FC0E0087C5B5 /* PBXTargetDependency */ = {
			isa = PBXTargetDependency;
			target = EF52DB342BC2FC0D0087C5B5 /* CardWorkout-Programmatic */;
			targetProxy = EF52DB4C2BC2FC0E0087C5B5 /* PBXContainerItemProxy */;
		};
		EF52DB572BC2FC0E0087C5B5 /* PBXTargetDependency */ = {
			isa = PBXTargetDependency;
			target = EF52DB342BC2FC0D0087C5B5 /* CardWorkout-Programmatic */;
			targetProxy = EF52DB562BC2FC0E0087C5B5 /* PBXContainerItemProxy */;
		};
/* End PBXTargetDependency section */

/* Begin PBXVariantGroup section */
		EF52DB3E2BC2FC0D0087C5B5 /* Main.storyboard */ = {
			isa = PBXVariantGroup;
			children = (
				EF52DB3F2BC2FC0D0087C5B5 /* Base */,
			);
			name = Main.storyboard;
			sourceTree = "<group>";
		};
		EF52DB432BC2FC0E0087C5B5 /* LaunchScreen.storyboard */ = {
			isa = PBXVariantGroup;
			children = (
				EF52DB442BC2FC0E0087C5B5 /* Base */,
			);
			name = LaunchScreen.storyboard;
			sourceTree = "<group>";
		};
/* End PBXVariantGroup section */

/* Begin XCBuildConfiguration section */
		EF52DB5D2BC2FC0E0087C5B5 /* Debug */ = {
			isa = XCBuildConfiguration;
			buildSettings = {
				ALWAYS_SEARCH_USER_PATHS = NO;
				ASSETCATALOG_COMPILER_GENERATE_SWIFT_ASSET_SYMBOL_EXTENSIONS = YES;
				CLANG_ANALYZER_NONNULL = YES;
				CLANG_ANALYZER_NUMBER_OBJECT_CONVERSION = YES_AGGRESSIVE;
				CLANG_CXX_LANGUAGE_STANDARD = "gnu++20";
				CLANG_ENABLE_MODULES = YES;
				CLANG_ENABLE_OBJC_ARC = YES;
				CLANG_ENABLE_OBJC_WEAK = YES;
				CLANG_WARN_BLOCK_CAPTURE_AUTORELEASING = YES;
				CLANG_WARN_BOOL_CONVERSION = YES;
				CLANG_WARN_COMMA = YES;
				CLANG_WARN_CONSTANT_CONVERSION = YES;
				CLANG_WARN_DEPRECATED_OBJC_IMPLEMENTATIONS = YES;
				CLANG_WARN_DIRECT_OBJC_ISA_USAGE = YES_ERROR;
				CLANG_WARN_DOCUMENTATION_COMMENTS = YES;
				CLANG_WARN_EMPTY_BODY = YES;
				CLANG_WARN_ENUM_CONVERSION = YES;
				CLANG_WARN_INFINITE_RECURSION = YES;
				CLANG_WARN_INT_CONVERSION = YES;
				CLANG_WARN_NON_LITERAL_NULL_CONVERSION = YES;
				CLANG_WARN_OBJC_IMPLICIT_RETAIN_SELF = YES;
				CLANG_WARN_OBJC_LITERAL_CONVERSION = YES;
				CLANG_WARN_OBJC_ROOT_CLASS = YES_ERROR;
				CLANG_WARN_QUOTED_INCLUDE_IN_FRAMEWORK_HEADER = YES;
				CLANG_WARN_RANGE_LOOP_ANALYSIS = YES;
				CLANG_WARN_STRICT_PROTOTYPES = YES;
				CLANG_WARN_SUSPICIOUS_MOVE = YES;
				CLANG_WARN_UNGUARDED_AVAILABILITY = YES_AGGRESSIVE;
				CLANG_WARN_UNREACHABLE_CODE = YES;
				CLANG_WARN__DUPLICATE_METHOD_MATCH = YES;
				COPY_PHASE_STRIP = NO;
				DEBUG_INFORMATION_FORMAT = dwarf;
				ENABLE_STRICT_OBJC_MSGSEND = YES;
				ENABLE_TESTABILITY = YES;
				ENABLE_USER_SCRIPT_SANDBOXING = YES;
				GCC_C_LANGUAGE_STANDARD = gnu17;
				GCC_DYNAMIC_NO_PIC = NO;
				GCC_NO_COMMON_BLOCKS = YES;
				GCC_OPTIMIZATION_LEVEL = 0;
				GCC_PREPROCESSOR_DEFINITIONS = (
					"DEBUG=1",
					"$(inherited)",
				);
				GCC_WARN_64_TO_32_BIT_CONVERSION = YES;
				GCC_WARN_ABOUT_RETURN_TYPE = YES_ERROR;
				GCC_WARN_UNDECLARED_SELECTOR = YES;
				GCC_WARN_UNINITIALIZED_AUTOS = YES_AGGRESSIVE;
				GCC_WARN_UNUSED_FUNCTION = YES;
				GCC_WARN_UNUSED_VARIABLE = YES;
				IPHONEOS_DEPLOYMENT_TARGET = 17.2;
				LOCALIZATION_PREFERS_STRING_CATALOGS = YES;
				MTL_ENABLE_DEBUG_INFO = INCLUDE_SOURCE;
				MTL_FAST_MATH = YES;
				ONLY_ACTIVE_ARCH = YES;
				SDKROOT = iphoneos;
				SWIFT_ACTIVE_COMPILATION_CONDITIONS = "DEBUG $(inherited)";
				SWIFT_OPTIMIZATION_LEVEL = "-Onone";
			};
			name = Debug;
		};
		EF52DB5E2BC2FC0E0087C5B5 /* Release */ = {
			isa = XCBuildConfiguration;
			buildSettings = {
				ALWAYS_SEARCH_USER_PATHS = NO;
				ASSETCATALOG_COMPILER_GENERATE_SWIFT_ASSET_SYMBOL_EXTENSIONS = YES;
				CLANG_ANALYZER_NONNULL = YES;
				CLANG_ANALYZER_NUMBER_OBJECT_CONVERSION = YES_AGGRESSIVE;
				CLANG_CXX_LANGUAGE_STANDARD = "gnu++20";
				CLANG_ENABLE_MODULES = YES;
				CLANG_ENABLE_OBJC_ARC = YES;
				CLANG_ENABLE_OBJC_WEAK = YES;
				CLANG_WARN_BLOCK_CAPTURE_AUTORELEASING = YES;
				CLANG_WARN_BOOL_CONVERSION = YES;
				CLANG_WARN_COMMA = YES;
				CLANG_WARN_CONSTANT_CONVERSION = YES;
				CLANG_WARN_DEPRECATED_OBJC_IMPLEMENTATIONS = YES;
				CLANG_WARN_DIRECT_OBJC_ISA_USAGE = YES_ERROR;
				CLANG_WARN_DOCUMENTATION_COMMENTS = YES;
				CLANG_WARN_EMPTY_BODY = YES;
				CLANG_WARN_ENUM_CONVERSION = YES;
				CLANG_WARN_INFINITE_RECURSION = YES;
				CLANG_WARN_INT_CONVERSION = YES;
				CLANG_WARN_NON_LITERAL_NULL_CONVERSION = YES;
				CLANG_WARN_OBJC_IMPLICIT_RETAIN_SELF = YES;
				CLANG_WARN_OBJC_LITERAL_CONVERSION = YES;
				CLANG_WARN_OBJC_ROOT_CLASS = YES_ERROR;
				CLANG_WARN_QUOTED_INCLUDE_IN_FRAMEWORK_HEADER = YES;
				CLANG_WARN_RANGE_LOOP_ANALYSIS = YES;
				CLANG_WARN_STRICT_PROTOTYPES = YES;
				CLANG_WARN_SUSPICIOUS_MOVE = YES;
				CLANG_WARN_UNGUARDED_AVAILABILITY = YES_AGGRESSIVE;
				CLANG_WARN_UNREACHABLE_CODE = YES;
				CLANG_WARN__DUPLICATE_METHOD_MATCH = YES;
				COPY_PHASE_STRIP = NO;
				DEBUG_INFORMATION_FORMAT = "dwarf-with-dsym";
				ENABLE_NS_ASSERTIONS = NO;
				ENABLE_STRICT_OBJC_MSGSEND = YES;
				ENABLE_USER_SCRIPT_SANDBOXING = YES;
				GCC_C_LANGUAGE_STANDARD = gnu17;
				GCC_NO_COMMON_BLOCKS = YES;
				GCC_WARN_64_TO_32_BIT_CONVERSION = YES;
				GCC_WARN_ABOUT_RETURN_TYPE = YES_ERROR;
				GCC_WARN_UNDECLARED_SELECTOR = YES;
				GCC_WARN_UNINITIALIZED_AUTOS = YES_AGGRESSIVE;
				GCC_WARN_UNUSED_FUNCTION = YES;
				GCC_WARN_UNUSED_VARIABLE = YES;
				IPHONEOS_DEPLOYMENT_TARGET = 17.2;
				LOCALIZATION_PREFERS_STRING_CATALOGS = YES;
				MTL_ENABLE_DEBUG_INFO = NO;
				MTL_FAST_MATH = YES;
				SDKROOT = iphoneos;
				SWIFT_COMPILATION_MODE = wholemodule;
				VALIDATE_PRODUCT = YES;
			};
			name = Release;
		};
		EF52DB602BC2FC0E0087C5B5 /* Debug */ = {
			isa = XCBuildConfiguration;
			buildSettings = {
				ASSETCATALOG_COMPILER_APPICON_NAME = AppIcon;
				ASSETCATALOG_COMPILER_GLOBAL_ACCENT_COLOR_NAME = AccentColor;
				CODE_SIGN_STYLE = Automatic;
				CURRENT_PROJECT_VERSION = 1;
				GENERATE_INFOPLIST_FILE = YES;
				INFOPLIST_FILE = "CardWorkout-Programmatic/Info.plist";
				INFOPLIST_KEY_UIApplicationSupportsIndirectInputEvents = YES;
				INFOPLIST_KEY_UILaunchStoryboardName = LaunchScreen;
				INFOPLIST_KEY_UIMainStoryboardFile = Main;
				INFOPLIST_KEY_UISupportedInterfaceOrientations_iPad = "UIInterfaceOrientationPortrait UIInterfaceOrientationPortraitUpsideDown UIInterfaceOrientationLandscapeLeft UIInterfaceOrientationLandscapeRight";
				INFOPLIST_KEY_UISupportedInterfaceOrientations_iPhone = "UIInterfaceOrientationPortrait UIInterfaceOrientationLandscapeLeft UIInterfaceOrientationLandscapeRight";
				LD_RUNPATH_SEARCH_PATHS = (
					"$(inherited)",
					"@executable_path/Frameworks",
				);
				MARKETING_VERSION = 1.0;
				PRODUCT_BUNDLE_IDENTIFIER = "com.amit.CardWorkout-Programmatic";
				PRODUCT_NAME = "$(TARGET_NAME)";
				SWIFT_EMIT_LOC_STRINGS = YES;
				SWIFT_VERSION = 5.0;
				TARGETED_DEVICE_FAMILY = "1,2";
			};
			name = Debug;
		};
		EF52DB612BC2FC0E0087C5B5 /* Release */ = {
			isa = XCBuildConfiguration;
			buildSettings = {
				ASSETCATALOG_COMPILER_APPICON_NAME = AppIcon;
				ASSETCATALOG_COMPILER_GLOBAL_ACCENT_COLOR_NAME = AccentColor;
				CODE_SIGN_STYLE = Automatic;
				CURRENT_PROJECT_VERSION = 1;
				GENERATE_INFOPLIST_FILE = YES;
				INFOPLIST_FILE = "CardWorkout-Programmatic/Info.plist";
				INFOPLIST_KEY_UIApplicationSupportsIndirectInputEvents = YES;
				INFOPLIST_KEY_UILaunchStoryboardName = LaunchScreen;
				INFOPLIST_KEY_UIMainStoryboardFile = Main;
				INFOPLIST_KEY_UISupportedInterfaceOrientations_iPad = "UIInterfaceOrientationPortrait UIInterfaceOrientationPortraitUpsideDown UIInterfaceOrientationLandscapeLeft UIInterfaceOrientationLandscapeRight";
				INFOPLIST_KEY_UISupportedInterfaceOrientations_iPhone = "UIInterfaceOrientationPortrait UIInterfaceOrientationLandscapeLeft UIInterfaceOrientationLandscapeRight";
				LD_RUNPATH_SEARCH_PATHS = (
					"$(inherited)",
					"@executable_path/Frameworks",
				);
				MARKETING_VERSION = 1.0;
				PRODUCT_BUNDLE_IDENTIFIER = "com.amit.CardWorkout-Programmatic";
				PRODUCT_NAME = "$(TARGET_NAME)";
				SWIFT_EMIT_LOC_STRINGS = YES;
				SWIFT_VERSION = 5.0;
				TARGETED_DEVICE_FAMILY = "1,2";
			};
			name = Release;
		};
		EF52DB632BC2FC0E0087C5B5 /* Debug */ = {
			isa = XCBuildConfiguration;
			buildSettings = {
				ALWAYS_EMBED_SWIFT_STANDARD_LIBRARIES = YES;
				BUNDLE_LOADER = "$(TEST_HOST)";
				CODE_SIGN_STYLE = Automatic;
				CURRENT_PROJECT_VERSION = 1;
				GENERATE_INFOPLIST_FILE = YES;
				IPHONEOS_DEPLOYMENT_TARGET = 17.2;
				MARKETING_VERSION = 1.0;
				PRODUCT_BUNDLE_IDENTIFIER = "com.amit.CardWorkout-ProgrammaticTests";
				PRODUCT_NAME = "$(TARGET_NAME)";
				SWIFT_EMIT_LOC_STRINGS = NO;
				SWIFT_VERSION = 5.0;
				TARGETED_DEVICE_FAMILY = "1,2";
				TEST_HOST = "$(BUILT_PRODUCTS_DIR)/CardWorkout-Programmatic.app/$(BUNDLE_EXECUTABLE_FOLDER_PATH)/CardWorkout-Programmatic";
			};
			name = Debug;
		};
		EF52DB642BC2FC0E0087C5B5 /* Release */ = {
			isa = XCBuildConfiguration;
			buildSettings = {
				ALWAYS_EMBED_SWIFT_STANDARD_LIBRARIES = YES;
				BUNDLE_LOADER = "$(TEST_HOST)";
				CODE_SIGN_STYLE = Automatic;
				CURRENT_PROJECT_VERSION = 1;
				GENERATE_INFOPLIST_FILE = YES;
				IPHONEOS_DEPLOYMENT_TARGET = 17.2;
				MARKETING_VERSION = 1.0;
				PRODUCT_BUNDLE_IDENTIFIER = "com.amit.CardWorkout-ProgrammaticTests";
				PRODUCT_NAME = "$(TARGET_NAME)";
				SWIFT_EMIT_LOC_STRINGS = NO;
				SWIFT_VERSION = 5.0;
				TARGETED_DEVICE_FAMILY = "1,2";
				TEST_HOST = "$(BUILT_PRODUCTS_DIR)/CardWorkout-Programmatic.app/$(BUNDLE_EXECUTABLE_FOLDER_PATH)/CardWorkout-Programmatic";
			};
			name = Release;
		};
		EF52DB662BC2FC0E0087C5B5 /* Debug */ = {
			isa = XCBuildConfiguration;
			buildSettings = {
				ALWAYS_EMBED_SWIFT_STANDARD_LIBRARIES = YES;
				CODE_SIGN_STYLE = Automatic;
				CURRENT_PROJECT_VERSION = 1;
				GENERATE_INFOPLIST_FILE = YES;
				MARKETING_VERSION = 1.0;
				PRODUCT_BUNDLE_IDENTIFIER = "com.amit.CardWorkout-ProgrammaticUITests";
				PRODUCT_NAME = "$(TARGET_NAME)";
				SWIFT_EMIT_LOC_STRINGS = NO;
				SWIFT_VERSION = 5.0;
				TARGETED_DEVICE_FAMILY = "1,2";
				TEST_TARGET_NAME = "CardWorkout-Programmatic";
			};
			name = Debug;
		};
		EF52DB672BC2FC0E0087C5B5 /* Release */ = {
			isa = XCBuildConfiguration;
			buildSettings = {
				ALWAYS_EMBED_SWIFT_STANDARD_LIBRARIES = YES;
				CODE_SIGN_STYLE = Automatic;
				CURRENT_PROJECT_VERSION = 1;
				GENERATE_INFOPLIST_FILE = YES;
				MARKETING_VERSION = 1.0;
				PRODUCT_BUNDLE_IDENTIFIER = "com.amit.CardWorkout-ProgrammaticUITests";
				PRODUCT_NAME = "$(TARGET_NAME)";
				SWIFT_EMIT_LOC_STRINGS = NO;
				SWIFT_VERSION = 5.0;
				TARGETED_DEVICE_FAMILY = "1,2";
				TEST_TARGET_NAME = "CardWorkout-Programmatic";
			};
			name = Release;
		};
/* End XCBuildConfiguration section */

/* Begin XCConfigurationList section */
		EF52DB302BC2FC0D0087C5B5 /* Build configuration list for PBXProject "CardWorkout-Programmatic" */ = {
			isa = XCConfigurationList;
			buildConfigurations = (
				EF52DB5D2BC2FC0E0087C5B5 /* Debug */,
				EF52DB5E2BC2FC0E0087C5B5 /* Release */,
			);
			defaultConfigurationIsVisible = 0;
			defaultConfigurationName = Release;
		};
		EF52DB5F2BC2FC0E0087C5B5 /* Build configuration list for PBXNativeTarget "CardWorkout-Programmatic" */ = {
			isa = XCConfigurationList;
			buildConfigurations = (
				EF52DB602BC2FC0E0087C5B5 /* Debug */,
				EF52DB612BC2FC0E0087C5B5 /* Release */,
			);
			defaultConfigurationIsVisible = 0;
			defaultConfigurationName = Release;
		};
		EF52DB622BC2FC0E0087C5B5 /* Build configuration list for PBXNativeTarget "CardWorkout-ProgrammaticTests" */ = {
			isa = XCConfigurationList;
			buildConfigurations = (
				EF52DB632BC2FC0E0087C5B5 /* Debug */,
				EF52DB642BC2FC0E0087C5B5 /* Release */,
			);
			defaultConfigurationIsVisible = 0;
			defaultConfigurationName = Release;
		};
		EF52DB652BC2FC0E0087C5B5 /* Build configuration list for PBXNativeTarget "CardWorkout-ProgrammaticUITests" */ = {
			isa = XCConfigurationList;
			buildConfigurations = (
				EF52DB662BC2FC0E0087C5B5 /* Debug */,
				EF52DB672BC2FC0E0087C5B5 /* Release */,
			);
			defaultConfigurationIsVisible = 0;
			defaultConfigurationName = Release;
		};
/* End XCConfigurationList section */
	};
	rootObject = EF52DB2D2BC2FC0D0087C5B5 /* Project object */;
}
